// !$*UTF8*$!
{
	archiveVersion = 1;
	classes = {
	};
	objectVersion = 46;
	objects = {

/* Begin PBXBuildFile section */
		76276EB71D6B81D4002C1D39 /* main.m in Sources */ = {isa = PBXBuildFile; fileRef = 76276EB61D6B81D4002C1D39 /* main.m */; };
		76276EBA1D6B81D4002C1D39 /* AppDelegate.m in Sources */ = {isa = PBXBuildFile; fileRef = 76276EB91D6B81D4002C1D39 /* AppDelegate.m */; };
		76276EBD1D6B81D4002C1D39 /* ViewController.m in Sources */ = {isa = PBXBuildFile; fileRef = 76276EBC1D6B81D4002C1D39 /* ViewController.m */; };
		76276EC01D6B81D4002C1D39 /* Main.storyboard in Resources */ = {isa = PBXBuildFile; fileRef = 76276EBE1D6B81D4002C1D39 /* Main.storyboard */; };
		76276EC21D6B81D4002C1D39 /* Assets.xcassets in Resources */ = {isa = PBXBuildFile; fileRef = 76276EC11D6B81D4002C1D39 /* Assets.xcassets */; };
		76276EC51D6B81D4002C1D39 /* LaunchScreen.storyboard in Resources */ = {isa = PBXBuildFile; fileRef = 76276EC31D6B81D4002C1D39 /* LaunchScreen.storyboard */; };
		76276ED01D6B81D4002C1D39 /* RVCalendarWeekViewTests.m in Sources */ = {isa = PBXBuildFile; fileRef = 76276ECF1D6B81D4002C1D39 /* RVCalendarWeekViewTests.m */; };
		76276EF51D6B826B002C1D39 /* MSCollectionViewCalendarLayout.m in Sources */ = {isa = PBXBuildFile; fileRef = 76276EE01D6B826B002C1D39 /* MSCollectionViewCalendarLayout.m */; };
		76276EF61D6B826B002C1D39 /* MSCurrentTimeGridline.m in Sources */ = {isa = PBXBuildFile; fileRef = 76276EE31D6B826B002C1D39 /* MSCurrentTimeGridline.m */; };
		76276EF71D6B826B002C1D39 /* MSCurrentTimeIndicator.m in Sources */ = {isa = PBXBuildFile; fileRef = 76276EE51D6B826B002C1D39 /* MSCurrentTimeIndicator.m */; };
		76276EF81D6B826B002C1D39 /* MSDayColumnHeader.m in Sources */ = {isa = PBXBuildFile; fileRef = 76276EE71D6B826B002C1D39 /* MSDayColumnHeader.m */; };
		76276EF91D6B826B002C1D39 /* MSDayColumnHeaderBackground.m in Sources */ = {isa = PBXBuildFile; fileRef = 76276EE91D6B826B002C1D39 /* MSDayColumnHeaderBackground.m */; };
		76276EFB1D6B826B002C1D39 /* MSEventCell.m in Sources */ = {isa = PBXBuildFile; fileRef = 76276EED1D6B826B002C1D39 /* MSEventCell.m */; };
		76276EFC1D6B826B002C1D39 /* MSGridline.m in Sources */ = {isa = PBXBuildFile; fileRef = 76276EEF1D6B826B002C1D39 /* MSGridline.m */; };
		76276EFD1D6B826B002C1D39 /* MSTimeRowHeader.m in Sources */ = {isa = PBXBuildFile; fileRef = 76276EF11D6B826B002C1D39 /* MSTimeRowHeader.m */; };
		76276EFE1D6B826B002C1D39 /* MSTimeRowHeaderBackground.m in Sources */ = {isa = PBXBuildFile; fileRef = 76276EF31D6B826B002C1D39 /* MSTimeRowHeaderBackground.m */; };
		76276F051D6B8759002C1D39 /* MSEvent.m in Sources */ = {isa = PBXBuildFile; fileRef = 76276F041D6B8759002C1D39 /* MSEvent.m */; };
		763857F41D6BA4DF008D1328 /* README.md in Sources */ = {isa = PBXBuildFile; fileRef = 763857F31D6BA4DF008D1328 /* README.md */; };
		763A802A1D6C4488002E0CBF /* MSDragableEvent.m in Sources */ = {isa = PBXBuildFile; fileRef = 763A80291D6C4488002E0CBF /* MSDragableEvent.m */; };
		766E7E1D1D6B9C9F007A410C /* MSWeekView.m in Sources */ = {isa = PBXBuildFile; fileRef = 766E7E1C1D6B9C9F007A410C /* MSWeekView.m */; };
		768458251D7847080080A27A /* MSWeekViewDecorator.m in Sources */ = {isa = PBXBuildFile; fileRef = 768458241D7847080080A27A /* MSWeekViewDecorator.m */; };
		768458281D7847D80080A27A /* MSWeekViewDecoratorDragable.m in Sources */ = {isa = PBXBuildFile; fileRef = 768458271D7847D80080A27A /* MSWeekViewDecoratorDragable.m */; };
		7684582C1D7961350080A27A /* MSWeekViewDecoratorPinchable.m in Sources */ = {isa = PBXBuildFile; fileRef = 7684582B1D7961350080A27A /* MSWeekViewDecoratorPinchable.m */; };
		768458301D7996C70080A27A /* Podfile in Resources */ = {isa = PBXBuildFile; fileRef = 7684582F1D7996C70080A27A /* Podfile */; };
		768458321D7997BE0080A27A /* RVCalendarWeekView.podspec.json in Resources */ = {isa = PBXBuildFile; fileRef = 768458311D7997BE0080A27A /* RVCalendarWeekView.podspec.json */; };
		76FC4A001D7865BB004CF995 /* MSWeekViewDecoratorInfinite.m in Sources */ = {isa = PBXBuildFile; fileRef = 76FC49FF1D7865BB004CF995 /* MSWeekViewDecoratorInfinite.m */; };
		76FC4A061D78678C004CF995 /* MSWeekViewDecoratorNewEvent.m in Sources */ = {isa = PBXBuildFile; fileRef = 76FC4A051D78678C004CF995 /* MSWeekViewDecoratorNewEvent.m */; };
		76FC4A091D786E7F004CF995 /* MSWeekViewDecoratorFactory.m in Sources */ = {isa = PBXBuildFile; fileRef = 76FC4A081D786E7F004CF995 /* MSWeekViewDecoratorFactory.m */; };
		819ED74187A2A0C0B39AEB2B /* libPods-RVCalendarWeekView.a in Frameworks */ = {isa = PBXBuildFile; fileRef = 1A43A252421A63E1655B8A38 /* libPods-RVCalendarWeekView.a */; };
/* End PBXBuildFile section */

/* Begin PBXContainerItemProxy section */
		76276ECC1D6B81D4002C1D39 /* PBXContainerItemProxy */ = {
			isa = PBXContainerItemProxy;
			containerPortal = 76276EAA1D6B81D4002C1D39 /* Project object */;
			proxyType = 1;
			remoteGlobalIDString = 76276EB11D6B81D4002C1D39;
			remoteInfo = RVCalendarWeekView;
		};
/* End PBXContainerItemProxy section */

/* Begin PBXFileReference section */
		016043077DD4C904B6A3A6BE /* Pods-RVCalendarWeekView.release.xcconfig */ = {isa = PBXFileReference; includeInIndex = 1; lastKnownFileType = text.xcconfig; name = "Pods-RVCalendarWeekView.release.xcconfig"; path = "Pods/Target Support Files/Pods-RVCalendarWeekView/Pods-RVCalendarWeekView.release.xcconfig"; sourceTree = "<group>"; };
		1A43A252421A63E1655B8A38 /* libPods-RVCalendarWeekView.a */ = {isa = PBXFileReference; explicitFileType = archive.ar; includeInIndex = 0; path = "libPods-RVCalendarWeekView.a"; sourceTree = BUILT_PRODUCTS_DIR; };
		55A9198AF6C016D51B48E4CB /* Pods-RVCalendarWeekView.debug.xcconfig */ = {isa = PBXFileReference; includeInIndex = 1; lastKnownFileType = text.xcconfig; name = "Pods-RVCalendarWeekView.debug.xcconfig"; path = "Pods/Target Support Files/Pods-RVCalendarWeekView/Pods-RVCalendarWeekView.debug.xcconfig"; sourceTree = "<group>"; };
		76276EB21D6B81D4002C1D39 /* RVCalendarWeekView.app */ = {isa = PBXFileReference; explicitFileType = wrapper.application; includeInIndex = 0; path = RVCalendarWeekView.app; sourceTree = BUILT_PRODUCTS_DIR; };
		76276EB61D6B81D4002C1D39 /* main.m */ = {isa = PBXFileReference; lastKnownFileType = sourcecode.c.objc; path = main.m; sourceTree = "<group>"; };
		76276EB81D6B81D4002C1D39 /* AppDelegate.h */ = {isa = PBXFileReference; lastKnownFileType = sourcecode.c.h; path = AppDelegate.h; sourceTree = "<group>"; };
		76276EB91D6B81D4002C1D39 /* AppDelegate.m */ = {isa = PBXFileReference; lastKnownFileType = sourcecode.c.objc; path = AppDelegate.m; sourceTree = "<group>"; };
		76276EBB1D6B81D4002C1D39 /* ViewController.h */ = {isa = PBXFileReference; lastKnownFileType = sourcecode.c.h; path = ViewController.h; sourceTree = "<group>"; };
		76276EBC1D6B81D4002C1D39 /* ViewController.m */ = {isa = PBXFileReference; lastKnownFileType = sourcecode.c.objc; path = ViewController.m; sourceTree = "<group>"; };
		76276EBF1D6B81D4002C1D39 /* Base */ = {isa = PBXFileReference; lastKnownFileType = file.storyboard; name = Base; path = Base.lproj/Main.storyboard; sourceTree = "<group>"; };
		76276EC11D6B81D4002C1D39 /* Assets.xcassets */ = {isa = PBXFileReference; lastKnownFileType = folder.assetcatalog; path = Assets.xcassets; sourceTree = "<group>"; };
		76276EC41D6B81D4002C1D39 /* Base */ = {isa = PBXFileReference; lastKnownFileType = file.storyboard; name = Base; path = Base.lproj/LaunchScreen.storyboard; sourceTree = "<group>"; };
		76276EC61D6B81D4002C1D39 /* Info.plist */ = {isa = PBXFileReference; lastKnownFileType = text.plist.xml; path = Info.plist; sourceTree = "<group>"; };
		76276ECB1D6B81D4002C1D39 /* RVCalendarWeekViewTests.xctest */ = {isa = PBXFileReference; explicitFileType = wrapper.cfbundle; includeInIndex = 0; path = RVCalendarWeekViewTests.xctest; sourceTree = BUILT_PRODUCTS_DIR; };
		76276ECF1D6B81D4002C1D39 /* RVCalendarWeekViewTests.m */ = {isa = PBXFileReference; lastKnownFileType = sourcecode.c.objc; path = RVCalendarWeekViewTests.m; sourceTree = "<group>"; };
		76276ED11D6B81D4002C1D39 /* Info.plist */ = {isa = PBXFileReference; lastKnownFileType = text.plist.xml; path = Info.plist; sourceTree = "<group>"; };
		76276EDF1D6B826B002C1D39 /* MSCollectionViewCalendarLayout.h */ = {isa = PBXFileReference; fileEncoding = 4; lastKnownFileType = sourcecode.c.h; path = MSCollectionViewCalendarLayout.h; sourceTree = "<group>"; };
		76276EE01D6B826B002C1D39 /* MSCollectionViewCalendarLayout.m */ = {isa = PBXFileReference; fileEncoding = 4; lastKnownFileType = sourcecode.c.objc; path = MSCollectionViewCalendarLayout.m; sourceTree = "<group>"; };
		76276EE21D6B826B002C1D39 /* MSCurrentTimeGridline.h */ = {isa = PBXFileReference; fileEncoding = 4; lastKnownFileType = sourcecode.c.h; path = MSCurrentTimeGridline.h; sourceTree = "<group>"; };
		76276EE31D6B826B002C1D39 /* MSCurrentTimeGridline.m */ = {isa = PBXFileReference; fileEncoding = 4; lastKnownFileType = sourcecode.c.objc; path = MSCurrentTimeGridline.m; sourceTree = "<group>"; };
		76276EE41D6B826B002C1D39 /* MSCurrentTimeIndicator.h */ = {isa = PBXFileReference; fileEncoding = 4; lastKnownFileType = sourcecode.c.h; path = MSCurrentTimeIndicator.h; sourceTree = "<group>"; };
		76276EE51D6B826B002C1D39 /* MSCurrentTimeIndicator.m */ = {isa = PBXFileReference; fileEncoding = 4; lastKnownFileType = sourcecode.c.objc; path = MSCurrentTimeIndicator.m; sourceTree = "<group>"; };
		76276EE61D6B826B002C1D39 /* MSDayColumnHeader.h */ = {isa = PBXFileReference; fileEncoding = 4; lastKnownFileType = sourcecode.c.h; path = MSDayColumnHeader.h; sourceTree = "<group>"; };
		76276EE71D6B826B002C1D39 /* MSDayColumnHeader.m */ = {isa = PBXFileReference; fileEncoding = 4; lastKnownFileType = sourcecode.c.objc; path = MSDayColumnHeader.m; sourceTree = "<group>"; };
		76276EE81D6B826B002C1D39 /* MSDayColumnHeaderBackground.h */ = {isa = PBXFileReference; fileEncoding = 4; lastKnownFileType = sourcecode.c.h; path = MSDayColumnHeaderBackground.h; sourceTree = "<group>"; };
		76276EE91D6B826B002C1D39 /* MSDayColumnHeaderBackground.m */ = {isa = PBXFileReference; fileEncoding = 4; lastKnownFileType = sourcecode.c.objc; path = MSDayColumnHeaderBackground.m; sourceTree = "<group>"; };
		76276EEC1D6B826B002C1D39 /* MSEventCell.h */ = {isa = PBXFileReference; fileEncoding = 4; lastKnownFileType = sourcecode.c.h; path = MSEventCell.h; sourceTree = "<group>"; };
		76276EED1D6B826B002C1D39 /* MSEventCell.m */ = {isa = PBXFileReference; fileEncoding = 4; lastKnownFileType = sourcecode.c.objc; path = MSEventCell.m; sourceTree = "<group>"; };
		76276EEE1D6B826B002C1D39 /* MSGridline.h */ = {isa = PBXFileReference; fileEncoding = 4; lastKnownFileType = sourcecode.c.h; path = MSGridline.h; sourceTree = "<group>"; };
		76276EEF1D6B826B002C1D39 /* MSGridline.m */ = {isa = PBXFileReference; fileEncoding = 4; lastKnownFileType = sourcecode.c.objc; path = MSGridline.m; sourceTree = "<group>"; };
		76276EF01D6B826B002C1D39 /* MSTimeRowHeader.h */ = {isa = PBXFileReference; fileEncoding = 4; lastKnownFileType = sourcecode.c.h; path = MSTimeRowHeader.h; sourceTree = "<group>"; };
		76276EF11D6B826B002C1D39 /* MSTimeRowHeader.m */ = {isa = PBXFileReference; fileEncoding = 4; lastKnownFileType = sourcecode.c.objc; path = MSTimeRowHeader.m; sourceTree = "<group>"; };
		76276EF21D6B826B002C1D39 /* MSTimeRowHeaderBackground.h */ = {isa = PBXFileReference; fileEncoding = 4; lastKnownFileType = sourcecode.c.h; path = MSTimeRowHeaderBackground.h; sourceTree = "<group>"; };
		76276EF31D6B826B002C1D39 /* MSTimeRowHeaderBackground.m */ = {isa = PBXFileReference; fileEncoding = 4; lastKnownFileType = sourcecode.c.objc; path = MSTimeRowHeaderBackground.m; sourceTree = "<group>"; };
		76276F031D6B8759002C1D39 /* MSEvent.h */ = {isa = PBXFileReference; fileEncoding = 4; lastKnownFileType = sourcecode.c.h; name = MSEvent.h; path = Lib/Views/MSEvent.h; sourceTree = "<group>"; };
		76276F041D6B8759002C1D39 /* MSEvent.m */ = {isa = PBXFileReference; fileEncoding = 4; lastKnownFileType = sourcecode.c.objc; name = MSEvent.m; path = Lib/Views/MSEvent.m; sourceTree = "<group>"; };
		763857F31D6BA4DF008D1328 /* README.md */ = {isa = PBXFileReference; fileEncoding = 4; lastKnownFileType = net.daringfireball.markdown; path = README.md; sourceTree = SOURCE_ROOT; };
		763A80281D6C4488002E0CBF /* MSDragableEvent.h */ = {isa = PBXFileReference; fileEncoding = 4; lastKnownFileType = sourcecode.c.h; path = MSDragableEvent.h; sourceTree = "<group>"; };
		763A80291D6C4488002E0CBF /* MSDragableEvent.m */ = {isa = PBXFileReference; fileEncoding = 4; lastKnownFileType = sourcecode.c.objc; path = MSDragableEvent.m; sourceTree = "<group>"; };
		766E7E1B1D6B9C9F007A410C /* MSWeekView.h */ = {isa = PBXFileReference; fileEncoding = 4; lastKnownFileType = sourcecode.c.h; name = MSWeekView.h; path = Lib/MSWeekView.h; sourceTree = "<group>"; };
		766E7E1C1D6B9C9F007A410C /* MSWeekView.m */ = {isa = PBXFileReference; fileEncoding = 4; lastKnownFileType = sourcecode.c.objc; name = MSWeekView.m; path = Lib/MSWeekView.m; sourceTree = "<group>"; };
		768458231D7847080080A27A /* MSWeekViewDecorator.h */ = {isa = PBXFileReference; fileEncoding = 4; lastKnownFileType = sourcecode.c.h; name = MSWeekViewDecorator.h; path = Lib/WeekView/Decorators/MSWeekViewDecorator.h; sourceTree = "<group>"; };
		768458241D7847080080A27A /* MSWeekViewDecorator.m */ = {isa = PBXFileReference; fileEncoding = 4; lastKnownFileType = sourcecode.c.objc; name = MSWeekViewDecorator.m; path = Lib/WeekView/Decorators/MSWeekViewDecorator.m; sourceTree = "<group>"; };
		768458261D7847D80080A27A /* MSWeekViewDecoratorDragable.h */ = {isa = PBXFileReference; fileEncoding = 4; lastKnownFileType = sourcecode.c.h; name = MSWeekViewDecoratorDragable.h; path = Lib/WeekView/Decorators/MSWeekViewDecoratorDragable.h; sourceTree = "<group>"; };
		768458271D7847D80080A27A /* MSWeekViewDecoratorDragable.m */ = {isa = PBXFileReference; fileEncoding = 4; lastKnownFileType = sourcecode.c.objc; name = MSWeekViewDecoratorDragable.m; path = Lib/WeekView/Decorators/MSWeekViewDecoratorDragable.m; sourceTree = "<group>"; };
		7684582A1D7961350080A27A /* MSWeekViewDecoratorPinchable.h */ = {isa = PBXFileReference; fileEncoding = 4; lastKnownFileType = sourcecode.c.h; name = MSWeekViewDecoratorPinchable.h; path = Lib/WeekView/Decorators/MSWeekViewDecoratorPinchable.h; sourceTree = "<group>"; };
		7684582B1D7961350080A27A /* MSWeekViewDecoratorPinchable.m */ = {isa = PBXFileReference; fileEncoding = 4; lastKnownFileType = sourcecode.c.objc; name = MSWeekViewDecoratorPinchable.m; path = Lib/WeekView/Decorators/MSWeekViewDecoratorPinchable.m; sourceTree = "<group>"; };
		7684582F1D7996C70080A27A /* Podfile */ = {isa = PBXFileReference; fileEncoding = 4; lastKnownFileType = text; path = Podfile; sourceTree = SOURCE_ROOT; };
		768458311D7997BE0080A27A /* RVCalendarWeekView.podspec.json */ = {isa = PBXFileReference; fileEncoding = 4; lastKnownFileType = text.json; path = RVCalendarWeekView.podspec.json; sourceTree = SOURCE_ROOT; };
		76FC49FE1D7865BB004CF995 /* MSWeekViewDecoratorInfinite.h */ = {isa = PBXFileReference; fileEncoding = 4; lastKnownFileType = sourcecode.c.h; name = MSWeekViewDecoratorInfinite.h; path = Lib/WeekView/Decorators/MSWeekViewDecoratorInfinite.h; sourceTree = "<group>"; };
		76FC49FF1D7865BB004CF995 /* MSWeekViewDecoratorInfinite.m */ = {isa = PBXFileReference; fileEncoding = 4; lastKnownFileType = sourcecode.c.objc; name = MSWeekViewDecoratorInfinite.m; path = Lib/WeekView/Decorators/MSWeekViewDecoratorInfinite.m; sourceTree = "<group>"; };
		76FC4A041D78678C004CF995 /* MSWeekViewDecoratorNewEvent.h */ = {isa = PBXFileReference; fileEncoding = 4; lastKnownFileType = sourcecode.c.h; name = MSWeekViewDecoratorNewEvent.h; path = Lib/WeekView/Decorators/MSWeekViewDecoratorNewEvent.h; sourceTree = "<group>"; };
		76FC4A051D78678C004CF995 /* MSWeekViewDecoratorNewEvent.m */ = {isa = PBXFileReference; fileEncoding = 4; lastKnownFileType = sourcecode.c.objc; name = MSWeekViewDecoratorNewEvent.m; path = Lib/WeekView/Decorators/MSWeekViewDecoratorNewEvent.m; sourceTree = "<group>"; };
		76FC4A071D786E7F004CF995 /* MSWeekViewDecoratorFactory.h */ = {isa = PBXFileReference; fileEncoding = 4; lastKnownFileType = sourcecode.c.h; name = MSWeekViewDecoratorFactory.h; path = Lib/WeekView/Decorators/MSWeekViewDecoratorFactory.h; sourceTree = "<group>"; };
		76FC4A081D786E7F004CF995 /* MSWeekViewDecoratorFactory.m */ = {isa = PBXFileReference; fileEncoding = 4; lastKnownFileType = sourcecode.c.objc; name = MSWeekViewDecoratorFactory.m; path = Lib/WeekView/Decorators/MSWeekViewDecoratorFactory.m; sourceTree = "<group>"; };
/* End PBXFileReference section */

/* Begin PBXFrameworksBuildPhase section */
		76276EAF1D6B81D4002C1D39 /* Frameworks */ = {
			isa = PBXFrameworksBuildPhase;
			buildActionMask = 2147483647;
			files = (
				819ED74187A2A0C0B39AEB2B /* libPods-RVCalendarWeekView.a in Frameworks */,
			);
			runOnlyForDeploymentPostprocessing = 0;
		};
		76276EC81D6B81D4002C1D39 /* Frameworks */ = {
			isa = PBXFrameworksBuildPhase;
			buildActionMask = 2147483647;
			files = (
			);
			runOnlyForDeploymentPostprocessing = 0;
		};
/* End PBXFrameworksBuildPhase section */

/* Begin PBXGroup section */
		0241F19EAD6E623E5EB9DC2C /* Frameworks */ = {
			isa = PBXGroup;
			children = (
				1A43A252421A63E1655B8A38 /* libPods-RVCalendarWeekView.a */,
			);
			name = Frameworks;
			sourceTree = "<group>";
		};
		76276EA91D6B81D4002C1D39 = {
			isa = PBXGroup;
			children = (
				76276EB41D6B81D4002C1D39 /* RVCalendarWeekView */,
				76276ECE1D6B81D4002C1D39 /* RVCalendarWeekViewTests */,
				76276EB31D6B81D4002C1D39 /* Products */,
				C8C01CCD2324837475AD4513 /* Pods */,
				0241F19EAD6E623E5EB9DC2C /* Frameworks */,
			);
			sourceTree = "<group>";
		};
		76276EB31D6B81D4002C1D39 /* Products */ = {
			isa = PBXGroup;
			children = (
				76276EB21D6B81D4002C1D39 /* RVCalendarWeekView.app */,
				76276ECB1D6B81D4002C1D39 /* RVCalendarWeekViewTests.xctest */,
			);
			name = Products;
			sourceTree = "<group>";
		};
		76276EB41D6B81D4002C1D39 /* RVCalendarWeekView */ = {
			isa = PBXGroup;
			children = (
				768458311D7997BE0080A27A /* RVCalendarWeekView.podspec.json */,
				763857F31D6BA4DF008D1328 /* README.md */,
				7684582F1D7996C70080A27A /* Podfile */,
				76276EBE1D6B81D4002C1D39 /* Main.storyboard */,
				76276EB81D6B81D4002C1D39 /* AppDelegate.h */,
				76276EB91D6B81D4002C1D39 /* AppDelegate.m */,
				76276EBB1D6B81D4002C1D39 /* ViewController.h */,
				76276EBC1D6B81D4002C1D39 /* ViewController.m */,
				76276EDA1D6B81D9002C1D39 /* lib */,
				76276EB51D6B81D4002C1D39 /* Supporting Files */,
			);
			path = RVCalendarWeekView;
			sourceTree = "<group>";
		};
		76276EB51D6B81D4002C1D39 /* Supporting Files */ = {
			isa = PBXGroup;
			children = (
				76276EC11D6B81D4002C1D39 /* Assets.xcassets */,
				76276EC31D6B81D4002C1D39 /* LaunchScreen.storyboard */,
				76276EC61D6B81D4002C1D39 /* Info.plist */,
				76276EB61D6B81D4002C1D39 /* main.m */,
			);
			name = "Supporting Files";
			sourceTree = "<group>";
		};
		76276ECE1D6B81D4002C1D39 /* RVCalendarWeekViewTests */ = {
			isa = PBXGroup;
			children = (
				76276ECF1D6B81D4002C1D39 /* RVCalendarWeekViewTests.m */,
				76276ED11D6B81D4002C1D39 /* Info.plist */,
			);
			path = RVCalendarWeekViewTests;
			sourceTree = "<group>";
		};
		76276EDA1D6B81D9002C1D39 /* lib */ = {
			isa = PBXGroup;
			children = (
				768458211D7846DC0080A27A /* WeekView */,
				76276EFF1D6B8637002C1D39 /* Event */,
				76276EDE1D6B826B002C1D39 /* FlowLayout */,
				76276EE11D6B826B002C1D39 /* Views */,
			);
			name = lib;
			sourceTree = "<group>";
		};
		76276EDE1D6B826B002C1D39 /* FlowLayout */ = {
			isa = PBXGroup;
			children = (
				76276EDF1D6B826B002C1D39 /* MSCollectionViewCalendarLayout.h */,
				76276EE01D6B826B002C1D39 /* MSCollectionViewCalendarLayout.m */,
			);
			name = FlowLayout;
			path = Lib/MSCollectionViewCalendarLayout;
			sourceTree = "<group>";
		};
		76276EE11D6B826B002C1D39 /* Views */ = {
			isa = PBXGroup;
			children = (
				76276F001D6B8649002C1D39 /* Decorations */,
				76276F021D6B867E002C1D39 /* Grid */,
				76276F011D6B8675002C1D39 /* Event */,
			);
			name = Views;
			path = Lib/Views;
			sourceTree = "<group>";
		};
		76276EFF1D6B8637002C1D39 /* Event */ = {
			isa = PBXGroup;
			children = (
				76276F031D6B8759002C1D39 /* MSEvent.h */,
				76276F041D6B8759002C1D39 /* MSEvent.m */,
			);
			name = Event;
			sourceTree = "<group>";
		};
		76276F001D6B8649002C1D39 /* Decorations */ = {
			isa = PBXGroup;
			children = (
				76276EE61D6B826B002C1D39 /* MSDayColumnHeader.h */,
				76276EE71D6B826B002C1D39 /* MSDayColumnHeader.m */,
				76276EE81D6B826B002C1D39 /* MSDayColumnHeaderBackground.h */,
				76276EE91D6B826B002C1D39 /* MSDayColumnHeaderBackground.m */,
				76276EF01D6B826B002C1D39 /* MSTimeRowHeader.h */,
				76276EF11D6B826B002C1D39 /* MSTimeRowHeader.m */,
				76276EF21D6B826B002C1D39 /* MSTimeRowHeaderBackground.h */,
				76276EF31D6B826B002C1D39 /* MSTimeRowHeaderBackground.m */,
			);
			name = Decorations;
			sourceTree = "<group>";
		};
		76276F011D6B8675002C1D39 /* Event */ = {
			isa = PBXGroup;
			children = (
				76276EEC1D6B826B002C1D39 /* MSEventCell.h */,
				76276EED1D6B826B002C1D39 /* MSEventCell.m */,
				763A80281D6C4488002E0CBF /* MSDragableEvent.h */,
				763A80291D6C4488002E0CBF /* MSDragableEvent.m */,
			);
			name = Event;
			sourceTree = "<group>";
		};
		76276F021D6B867E002C1D39 /* Grid */ = {
			isa = PBXGroup;
			children = (
				76276EE21D6B826B002C1D39 /* MSCurrentTimeGridline.h */,
				76276EE31D6B826B002C1D39 /* MSCurrentTimeGridline.m */,
				76276EE41D6B826B002C1D39 /* MSCurrentTimeIndicator.h */,
				76276EE51D6B826B002C1D39 /* MSCurrentTimeIndicator.m */,
				76276EEE1D6B826B002C1D39 /* MSGridline.h */,
				76276EEF1D6B826B002C1D39 /* MSGridline.m */,
			);
			name = Grid;
			sourceTree = "<group>";
		};
		768458211D7846DC0080A27A /* WeekView */ = {
			isa = PBXGroup;
			children = (
				766E7E1B1D6B9C9F007A410C /* MSWeekView.h */,
				766E7E1C1D6B9C9F007A410C /* MSWeekView.m */,
				768458221D7846E60080A27A /* Decorators */,
			);
			name = WeekView;
			sourceTree = "<group>";
		};
		768458221D7846E60080A27A /* Decorators */ = {
			isa = PBXGroup;
			children = (
				76FC4A071D786E7F004CF995 /* MSWeekViewDecoratorFactory.h */,
				76FC4A081D786E7F004CF995 /* MSWeekViewDecoratorFactory.m */,
				768458231D7847080080A27A /* MSWeekViewDecorator.h */,
				768458241D7847080080A27A /* MSWeekViewDecorator.m */,
				76FC4A031D7865DE004CF995 /* NewEvent */,
				76FC4A011D7865CD004CF995 /* Dragable */,
				768458291D7961140080A27A /* Pinchable */,
				76FC4A021D7865D5004CF995 /* Infinite */,
			);
			name = Decorators;
			sourceTree = "<group>";
		};
		768458291D7961140080A27A /* Pinchable */ = {
			isa = PBXGroup;
			children = (
				7684582A1D7961350080A27A /* MSWeekViewDecoratorPinchable.h */,
				7684582B1D7961350080A27A /* MSWeekViewDecoratorPinchable.m */,
			);
			name = Pinchable;
			sourceTree = "<group>";
		};
		76FC4A011D7865CD004CF995 /* Dragable */ = {
			isa = PBXGroup;
			children = (
				768458261D7847D80080A27A /* MSWeekViewDecoratorDragable.h */,
				768458271D7847D80080A27A /* MSWeekViewDecoratorDragable.m */,
			);
			name = Dragable;
			sourceTree = "<group>";
		};
		76FC4A021D7865D5004CF995 /* Infinite */ = {
			isa = PBXGroup;
			children = (
				76FC49FE1D7865BB004CF995 /* MSWeekViewDecoratorInfinite.h */,
				76FC49FF1D7865BB004CF995 /* MSWeekViewDecoratorInfinite.m */,
			);
			name = Infinite;
			sourceTree = "<group>";
		};
		76FC4A031D7865DE004CF995 /* NewEvent */ = {
			isa = PBXGroup;
			children = (
				76FC4A041D78678C004CF995 /* MSWeekViewDecoratorNewEvent.h */,
				76FC4A051D78678C004CF995 /* MSWeekViewDecoratorNewEvent.m */,
			);
			name = NewEvent;
			sourceTree = "<group>";
		};
		C8C01CCD2324837475AD4513 /* Pods */ = {
			isa = PBXGroup;
			children = (
				55A9198AF6C016D51B48E4CB /* Pods-RVCalendarWeekView.debug.xcconfig */,
				016043077DD4C904B6A3A6BE /* Pods-RVCalendarWeekView.release.xcconfig */,
			);
			name = Pods;
			sourceTree = "<group>";
		};
/* End PBXGroup section */

/* Begin PBXNativeTarget section */
		76276EB11D6B81D4002C1D39 /* RVCalendarWeekView */ = {
			isa = PBXNativeTarget;
			buildConfigurationList = 76276ED41D6B81D4002C1D39 /* Build configuration list for PBXNativeTarget "RVCalendarWeekView" */;
			buildPhases = (
				190AB3F50BB3DB5A2BD3C011 /* [CP] Check Pods Manifest.lock */,
				76276EAE1D6B81D4002C1D39 /* Sources */,
				76276EAF1D6B81D4002C1D39 /* Frameworks */,
				76276EB01D6B81D4002C1D39 /* Resources */,
				E28A4F5523BBAC554B15DB4F /* [CP] Embed Pods Frameworks */,
				5A14EB676F95966CC7FC0790 /* [CP] Copy Pods Resources */,
			);
			buildRules = (
			);
			dependencies = (
			);
			name = RVCalendarWeekView;
			productName = RVCalendarWeekView;
			productReference = 76276EB21D6B81D4002C1D39 /* RVCalendarWeekView.app */;
			productType = "com.apple.product-type.application";
		};
		76276ECA1D6B81D4002C1D39 /* RVCalendarWeekViewTests */ = {
			isa = PBXNativeTarget;
			buildConfigurationList = 76276ED71D6B81D4002C1D39 /* Build configuration list for PBXNativeTarget "RVCalendarWeekViewTests" */;
			buildPhases = (
				76276EC71D6B81D4002C1D39 /* Sources */,
				76276EC81D6B81D4002C1D39 /* Frameworks */,
				76276EC91D6B81D4002C1D39 /* Resources */,
			);
			buildRules = (
			);
			dependencies = (
				76276ECD1D6B81D4002C1D39 /* PBXTargetDependency */,
			);
			name = RVCalendarWeekViewTests;
			productName = RVCalendarWeekViewTests;
			productReference = 76276ECB1D6B81D4002C1D39 /* RVCalendarWeekViewTests.xctest */;
			productType = "com.apple.product-type.bundle.unit-test";
		};
/* End PBXNativeTarget section */

/* Begin PBXProject section */
		76276EAA1D6B81D4002C1D39 /* Project object */ = {
			isa = PBXProject;
			attributes = {
				LastUpgradeCheck = 0730;
				ORGANIZATIONNAME = revo;
				TargetAttributes = {
					76276EB11D6B81D4002C1D39 = {
						CreatedOnToolsVersion = 7.3.1;
					};
					76276ECA1D6B81D4002C1D39 = {
						CreatedOnToolsVersion = 7.3.1;
						TestTargetID = 76276EB11D6B81D4002C1D39;
					};
				};
			};
			buildConfigurationList = 76276EAD1D6B81D4002C1D39 /* Build configuration list for PBXProject "RVCalendarWeekView" */;
			compatibilityVersion = "Xcode 3.2";
			developmentRegion = English;
			hasScannedForEncodings = 0;
			knownRegions = (
				en,
				Base,
			);
			mainGroup = 76276EA91D6B81D4002C1D39;
			productRefGroup = 76276EB31D6B81D4002C1D39 /* Products */;
			projectDirPath = "";
			projectRoot = "";
			targets = (
				76276EB11D6B81D4002C1D39 /* RVCalendarWeekView */,
				76276ECA1D6B81D4002C1D39 /* RVCalendarWeekViewTests */,
			);
		};
/* End PBXProject section */

/* Begin PBXResourcesBuildPhase section */
		76276EB01D6B81D4002C1D39 /* Resources */ = {
			isa = PBXResourcesBuildPhase;
			buildActionMask = 2147483647;
			files = (
				768458321D7997BE0080A27A /* RVCalendarWeekView.podspec.json in Resources */,
				768458301D7996C70080A27A /* Podfile in Resources */,
				76276EC51D6B81D4002C1D39 /* LaunchScreen.storyboard in Resources */,
				76276EC21D6B81D4002C1D39 /* Assets.xcassets in Resources */,
				76276EC01D6B81D4002C1D39 /* Main.storyboard in Resources */,
			);
			runOnlyForDeploymentPostprocessing = 0;
		};
		76276EC91D6B81D4002C1D39 /* Resources */ = {
			isa = PBXResourcesBuildPhase;
			buildActionMask = 2147483647;
			files = (
			);
			runOnlyForDeploymentPostprocessing = 0;
		};
/* End PBXResourcesBuildPhase section */

/* Begin PBXShellScriptBuildPhase section */
		190AB3F50BB3DB5A2BD3C011 /* [CP] Check Pods Manifest.lock */ = {
			isa = PBXShellScriptBuildPhase;
			buildActionMask = 2147483647;
			files = (
			);
			inputPaths = (
			);
			name = "[CP] Check Pods Manifest.lock";
			outputPaths = (
			);
			runOnlyForDeploymentPostprocessing = 0;
			shellPath = /bin/sh;
			shellScript = "diff \"${PODS_ROOT}/../Podfile.lock\" \"${PODS_ROOT}/Manifest.lock\" > /dev/null\nif [ $? != 0 ] ; then\n    # print error to STDERR\n    echo \"error: The sandbox is not in sync with the Podfile.lock. Run 'pod install' or update your CocoaPods installation.\" >&2\n    exit 1\nfi\n";
			showEnvVarsInLog = 0;
		};
		5A14EB676F95966CC7FC0790 /* [CP] Copy Pods Resources */ = {
			isa = PBXShellScriptBuildPhase;
			buildActionMask = 2147483647;
			files = (
			);
			inputPaths = (
			);
			name = "[CP] Copy Pods Resources";
			outputPaths = (
			);
			runOnlyForDeploymentPostprocessing = 0;
			shellPath = /bin/sh;
			shellScript = "\"${SRCROOT}/Pods/Target Support Files/Pods-RVCalendarWeekView/Pods-RVCalendarWeekView-resources.sh\"\n";
			showEnvVarsInLog = 0;
		};
		E28A4F5523BBAC554B15DB4F /* [CP] Embed Pods Frameworks */ = {
			isa = PBXShellScriptBuildPhase;
			buildActionMask = 2147483647;
			files = (
			);
			inputPaths = (
			);
			name = "[CP] Embed Pods Frameworks";
			outputPaths = (
			);
			runOnlyForDeploymentPostprocessing = 0;
			shellPath = /bin/sh;
			shellScript = "\"${SRCROOT}/Pods/Target Support Files/Pods-RVCalendarWeekView/Pods-RVCalendarWeekView-frameworks.sh\"\n";
			showEnvVarsInLog = 0;
		};
/* End PBXShellScriptBuildPhase section */

/* Begin PBXSourcesBuildPhase section */
		76276EAE1D6B81D4002C1D39 /* Sources */ = {
			isa = PBXSourcesBuildPhase;
			buildActionMask = 2147483647;
			files = (
				763A802A1D6C4488002E0CBF /* MSDragableEvent.m in Sources */,
				76276EF51D6B826B002C1D39 /* MSCollectionViewCalendarLayout.m in Sources */,
				76FC4A001D7865BB004CF995 /* MSWeekViewDecoratorInfinite.m in Sources */,
				768458251D7847080080A27A /* MSWeekViewDecorator.m in Sources */,
				76276F051D6B8759002C1D39 /* MSEvent.m in Sources */,
				76276EFB1D6B826B002C1D39 /* MSEventCell.m in Sources */,
				76276EBD1D6B81D4002C1D39 /* ViewController.m in Sources */,
				768458281D7847D80080A27A /* MSWeekViewDecoratorDragable.m in Sources */,
				76276EFD1D6B826B002C1D39 /* MSTimeRowHeader.m in Sources */,
				76276EF71D6B826B002C1D39 /* MSCurrentTimeIndicator.m in Sources */,
				766E7E1D1D6B9C9F007A410C /* MSWeekView.m in Sources */,
				76276EF81D6B826B002C1D39 /* MSDayColumnHeader.m in Sources */,
				76276EBA1D6B81D4002C1D39 /* AppDelegate.m in Sources */,
				763857F41D6BA4DF008D1328 /* README.md in Sources */,
				76FC4A061D78678C004CF995 /* MSWeekViewDecoratorNewEvent.m in Sources */,
				76FC4A091D786E7F004CF995 /* MSWeekViewDecoratorFactory.m in Sources */,
				76276EF61D6B826B002C1D39 /* MSCurrentTimeGridline.m in Sources */,
				76276EFC1D6B826B002C1D39 /* MSGridline.m in Sources */,
				76276EB71D6B81D4002C1D39 /* main.m in Sources */,
				76276EFE1D6B826B002C1D39 /* MSTimeRowHeaderBackground.m in Sources */,
				76276EF91D6B826B002C1D39 /* MSDayColumnHeaderBackground.m in Sources */,
				7684582C1D7961350080A27A /* MSWeekViewDecoratorPinchable.m in Sources */,
			);
			runOnlyForDeploymentPostprocessing = 0;
		};
		76276EC71D6B81D4002C1D39 /* Sources */ = {
			isa = PBXSourcesBuildPhase;
			buildActionMask = 2147483647;
			files = (
				76276ED01D6B81D4002C1D39 /* RVCalendarWeekViewTests.m in Sources */,
			);
			runOnlyForDeploymentPostprocessing = 0;
		};
/* End PBXSourcesBuildPhase section */

/* Begin PBXTargetDependency section */
		76276ECD1D6B81D4002C1D39 /* PBXTargetDependency */ = {
			isa = PBXTargetDependency;
			target = 76276EB11D6B81D4002C1D39 /* RVCalendarWeekView */;
			targetProxy = 76276ECC1D6B81D4002C1D39 /* PBXContainerItemProxy */;
		};
/* End PBXTargetDependency section */

/* Begin PBXVariantGroup section */
		76276EBE1D6B81D4002C1D39 /* Main.storyboard */ = {
			isa = PBXVariantGroup;
			children = (
				76276EBF1D6B81D4002C1D39 /* Base */,
			);
			name = Main.storyboard;
			sourceTree = "<group>";
		};
		76276EC31D6B81D4002C1D39 /* LaunchScreen.storyboard */ = {
			isa = PBXVariantGroup;
			children = (
				76276EC41D6B81D4002C1D39 /* Base */,
			);
			name = LaunchScreen.storyboard;
			sourceTree = "<group>";
		};
/* End PBXVariantGroup section */

/* Begin XCBuildConfiguration section */
		76276ED21D6B81D4002C1D39 /* Debug */ = {
			isa = XCBuildConfiguration;
			buildSettings = {
				ALWAYS_SEARCH_USER_PATHS = NO;
				CLANG_ANALYZER_NONNULL = YES;
				CLANG_CXX_LANGUAGE_STANDARD = "gnu++0x";
				CLANG_CXX_LIBRARY = "libc++";
				CLANG_ENABLE_MODULES = YES;
				CLANG_ENABLE_OBJC_ARC = YES;
				CLANG_WARN_BOOL_CONVERSION = YES;
				CLANG_WARN_CONSTANT_CONVERSION = YES;
				CLANG_WARN_DIRECT_OBJC_ISA_USAGE = YES_ERROR;
				CLANG_WARN_EMPTY_BODY = YES;
				CLANG_WARN_ENUM_CONVERSION = YES;
				CLANG_WARN_INT_CONVERSION = YES;
				CLANG_WARN_OBJC_ROOT_CLASS = YES_ERROR;
				CLANG_WARN_UNREACHABLE_CODE = YES;
				CLANG_WARN__DUPLICATE_METHOD_MATCH = YES;
				"CODE_SIGN_IDENTITY[sdk=iphoneos*]" = "iPhone Developer";
				COPY_PHASE_STRIP = NO;
				DEBUG_INFORMATION_FORMAT = dwarf;
				ENABLE_STRICT_OBJC_MSGSEND = YES;
				ENABLE_TESTABILITY = YES;
				GCC_C_LANGUAGE_STANDARD = gnu99;
				GCC_DYNAMIC_NO_PIC = NO;
				GCC_NO_COMMON_BLOCKS = YES;
				GCC_OPTIMIZATION_LEVEL = 0;
				GCC_PREPROCESSOR_DEFINITIONS = (
					"DEBUG=1",
					"$(inherited)",
				);
				GCC_WARN_64_TO_32_BIT_CONVERSION = YES;
				GCC_WARN_ABOUT_RETURN_TYPE = YES_ERROR;
				GCC_WARN_UNDECLARED_SELECTOR = YES;
				GCC_WARN_UNINITIALIZED_AUTOS = YES_AGGRESSIVE;
				GCC_WARN_UNUSED_FUNCTION = YES;
				GCC_WARN_UNUSED_VARIABLE = YES;
				IPHONEOS_DEPLOYMENT_TARGET = 9.3;
				MTL_ENABLE_DEBUG_INFO = YES;
				ONLY_ACTIVE_ARCH = YES;
				SDKROOT = iphoneos;
				TARGETED_DEVICE_FAMILY = "1,2";
			};
			name = Debug;
		};
		76276ED31D6B81D4002C1D39 /* Release */ = {
			isa = XCBuildConfiguration;
			buildSettings = {
				ALWAYS_SEARCH_USER_PATHS = NO;
				CLANG_ANALYZER_NONNULL = YES;
				CLANG_CXX_LANGUAGE_STANDARD = "gnu++0x";
				CLANG_CXX_LIBRARY = "libc++";
				CLANG_ENABLE_MODULES = YES;
				CLANG_ENABLE_OBJC_ARC = YES;
				CLANG_WARN_BOOL_CONVERSION = YES;
				CLANG_WARN_CONSTANT_CONVERSION = YES;
				CLANG_WARN_DIRECT_OBJC_ISA_USAGE = YES_ERROR;
				CLANG_WARN_EMPTY_BODY = YES;
				CLANG_WARN_ENUM_CONVERSION = YES;
				CLANG_WARN_INT_CONVERSION = YES;
				CLANG_WARN_OBJC_ROOT_CLASS = YES_ERROR;
				CLANG_WARN_UNREACHABLE_CODE = YES;
				CLANG_WARN__DUPLICATE_METHOD_MATCH = YES;
				"CODE_SIGN_IDENTITY[sdk=iphoneos*]" = "iPhone Developer";
				COPY_PHASE_STRIP = NO;
				DEBUG_INFORMATION_FORMAT = "dwarf-with-dsym";
				ENABLE_NS_ASSERTIONS = NO;
				ENABLE_STRICT_OBJC_MSGSEND = YES;
				GCC_C_LANGUAGE_STANDARD = gnu99;
				GCC_NO_COMMON_BLOCKS = YES;
				GCC_WARN_64_TO_32_BIT_CONVERSION = YES;
				GCC_WARN_ABOUT_RETURN_TYPE = YES_ERROR;
				GCC_WARN_UNDECLARED_SELECTOR = YES;
				GCC_WARN_UNINITIALIZED_AUTOS = YES_AGGRESSIVE;
				GCC_WARN_UNUSED_FUNCTION = YES;
				GCC_WARN_UNUSED_VARIABLE = YES;
				IPHONEOS_DEPLOYMENT_TARGET = 9.3;
				MTL_ENABLE_DEBUG_INFO = NO;
				SDKROOT = iphoneos;
				TARGETED_DEVICE_FAMILY = "1,2";
				VALIDATE_PRODUCT = YES;
			};
			name = Release;
		};
		76276ED51D6B81D4002C1D39 /* Debug */ = {
			isa = XCBuildConfiguration;
			baseConfigurationReference = 55A9198AF6C016D51B48E4CB /* Pods-RVCalendarWeekView.debug.xcconfig */;
			buildSettings = {
				ASSETCATALOG_COMPILER_APPICON_NAME = AppIcon;
				INFOPLIST_FILE = RVCalendarWeekView/Info.plist;
				LD_RUNPATH_SEARCH_PATHS = "$(inherited) @executable_path/Frameworks";
				PRODUCT_BUNDLE_IDENTIFIER = works.revo.RVCalendarWeekView;
				PRODUCT_NAME = "$(TARGET_NAME)";
			};
			name = Debug;
		};
		76276ED61D6B81D4002C1D39 /* Release */ = {
			isa = XCBuildConfiguration;
			baseConfigurationReference = 016043077DD4C904B6A3A6BE /* Pods-RVCalendarWeekView.release.xcconfig */;
			buildSettings = {
				ASSETCATALOG_COMPILER_APPICON_NAME = AppIcon;
				INFOPLIST_FILE = RVCalendarWeekView/Info.plist;
				LD_RUNPATH_SEARCH_PATHS = "$(inherited) @executable_path/Frameworks";
				PRODUCT_BUNDLE_IDENTIFIER = works.revo.RVCalendarWeekView;
				PRODUCT_NAME = "$(TARGET_NAME)";
			};
			name = Release;
		};
		76276ED81D6B81D4002C1D39 /* Debug */ = {
			isa = XCBuildConfiguration;
			buildSettings = {
				BUNDLE_LOADER = "$(TEST_HOST)";
				INFOPLIST_FILE = RVCalendarWeekViewTests/Info.plist;
				LD_RUNPATH_SEARCH_PATHS = "$(inherited) @executable_path/Frameworks @loader_path/Frameworks";
				PRODUCT_BUNDLE_IDENTIFIER = works.revo.RVCalendarWeekViewTests;
				PRODUCT_NAME = "$(TARGET_NAME)";
				TEST_HOST = "$(BUILT_PRODUCTS_DIR)/RVCalendarWeekView.app/RVCalendarWeekView";
			};
			name = Debug;
		};
		76276ED91D6B81D4002C1D39 /* Release */ = {
			isa = XCBuildConfiguration;
			buildSettings = {
				BUNDLE_LOADER = "$(TEST_HOST)";
				INFOPLIST_FILE = RVCalendarWeekViewTests/Info.plist;
				LD_RUNPATH_SEARCH_PATHS = "$(inherited) @executable_path/Frameworks @loader_path/Frameworks";
				PRODUCT_BUNDLE_IDENTIFIER = works.revo.RVCalendarWeekViewTests;
				PRODUCT_NAME = "$(TARGET_NAME)";
				TEST_HOST = "$(BUILT_PRODUCTS_DIR)/RVCalendarWeekView.app/RVCalendarWeekView";
			};
			name = Release;
		};
/* End XCBuildConfiguration section */

/* Begin XCConfigurationList section */
		76276EAD1D6B81D4002C1D39 /* Build configuration list for PBXProject "RVCalendarWeekView" */ = {
			isa = XCConfigurationList;
			buildConfigurations = (
				76276ED21D6B81D4002C1D39 /* Debug */,
				76276ED31D6B81D4002C1D39 /* Release */,
			);
			defaultConfigurationIsVisible = 0;
			defaultConfigurationName = Release;
		};
		76276ED41D6B81D4002C1D39 /* Build configuration list for PBXNativeTarget "RVCalendarWeekView" */ = {
			isa = XCConfigurationList;
			buildConfigurations = (
				76276ED51D6B81D4002C1D39 /* Debug */,
				76276ED61D6B81D4002C1D39 /* Release */,
			);
			defaultConfigurationIsVisible = 0;
			defaultConfigurationName = Release;
		};
		76276ED71D6B81D4002C1D39 /* Build configuration list for PBXNativeTarget "RVCalendarWeekViewTests" */ = {
			isa = XCConfigurationList;
			buildConfigurations = (
				76276ED81D6B81D4002C1D39 /* Debug */,
				76276ED91D6B81D4002C1D39 /* Release */,
			);
			defaultConfigurationIsVisible = 0;
			defaultConfigurationName = Release;
		};
/* End XCConfigurationList section */
	};
	rootObject = 76276EAA1D6B81D4002C1D39 /* Project object */;
}
